// !$*UTF8*$!
{
	archiveVersion = 1;
	classes = {
	};
	objectVersion = 56;
	objects = {

/* Begin PBXBuildFile section */
		BC6365512AABD62700F0FDE5 /* AppDelegate.swift in Sources */ = {isa = PBXBuildFile; fileRef = BC6365502AABD62700F0FDE5 /* AppDelegate.swift */; };
		BC6365532AABD62700F0FDE5 /* SceneDelegate.swift in Sources */ = {isa = PBXBuildFile; fileRef = BC6365522AABD62700F0FDE5 /* SceneDelegate.swift */; };
		BC6365552AABD62700F0FDE5 /* RandomQuoteViewController.swift in Sources */ = {isa = PBXBuildFile; fileRef = BC6365542AABD62700F0FDE5 /* RandomQuoteViewController.swift */; };
		BC63655A2AABD62A00F0FDE5 /* Assets.xcassets in Resources */ = {isa = PBXBuildFile; fileRef = BC6365592AABD62A00F0FDE5 /* Assets.xcassets */; };
		BC63655D2AABD62A00F0FDE5 /* LaunchScreen.storyboard in Resources */ = {isa = PBXBuildFile; fileRef = BC63655B2AABD62A00F0FDE5 /* LaunchScreen.storyboard */; };
		BC6365652AABD86D00F0FDE5 /* AllQuotesViewController.swift in Sources */ = {isa = PBXBuildFile; fileRef = BC6365642AABD86D00F0FDE5 /* AllQuotesViewController.swift */; };
		BC6365672AABD8FC00F0FDE5 /* CategorizedQuotesViewController.swift in Sources */ = {isa = PBXBuildFile; fileRef = BC6365662AABD8FC00F0FDE5 /* CategorizedQuotesViewController.swift */; };
		BC6365692AABDBBF00F0FDE5 /* Quote.swift in Sources */ = {isa = PBXBuildFile; fileRef = BC6365682AABDBBF00F0FDE5 /* Quote.swift */; };
		BCCC46032AB0F58000935D4C /* Realm in Frameworks */ = {isa = PBXBuildFile; productRef = BCCC46022AB0F58000935D4C /* Realm */; };
		BCCC46052AB0F58000935D4C /* RealmSwift in Frameworks */ = {isa = PBXBuildFile; productRef = BCCC46042AB0F58000935D4C /* RealmSwift */; };
		BCCC46072AB0FC7C00935D4C /* RealmService.swift in Sources */ = {isa = PBXBuildFile; fileRef = BCCC46062AB0FC7C00935D4C /* RealmService.swift */; };
		BCCC46092AB0FE2B00935D4C /* QuoteRealmModel.swift in Sources */ = {isa = PBXBuildFile; fileRef = BCCC46082AB0FE2B00935D4C /* QuoteRealmModel.swift */; };
		BCCC46152AB1180200935D4C /* Category.swift in Sources */ = {isa = PBXBuildFile; fileRef = BCCC46142AB1180200935D4C /* Category.swift */; };
/* End PBXBuildFile section */

/* Begin PBXFileReference section */
		BC63654D2AABD62700F0FDE5 /* СhuckNorris.app */ = {isa = PBXFileReference; explicitFileType = wrapper.application; includeInIndex = 0; path = "СhuckNorris.app"; sourceTree = BUILT_PRODUCTS_DIR; };
		BC6365502AABD62700F0FDE5 /* AppDelegate.swift */ = {isa = PBXFileReference; lastKnownFileType = sourcecode.swift; path = AppDelegate.swift; sourceTree = "<group>"; };
		BC6365522AABD62700F0FDE5 /* SceneDelegate.swift */ = {isa = PBXFileReference; lastKnownFileType = sourcecode.swift; path = SceneDelegate.swift; sourceTree = "<group>"; };
		BC6365542AABD62700F0FDE5 /* RandomQuoteViewController.swift */ = {isa = PBXFileReference; lastKnownFileType = sourcecode.swift; path = RandomQuoteViewController.swift; sourceTree = "<group>"; };
		BC6365592AABD62A00F0FDE5 /* Assets.xcassets */ = {isa = PBXFileReference; lastKnownFileType = folder.assetcatalog; path = Assets.xcassets; sourceTree = "<group>"; };
		BC63655C2AABD62A00F0FDE5 /* Base */ = {isa = PBXFileReference; lastKnownFileType = file.storyboard; name = Base; path = Base.lproj/LaunchScreen.storyboard; sourceTree = "<group>"; };
		BC63655E2AABD62A00F0FDE5 /* Info.plist */ = {isa = PBXFileReference; lastKnownFileType = text.plist.xml; path = Info.plist; sourceTree = "<group>"; };
		BC6365642AABD86D00F0FDE5 /* AllQuotesViewController.swift */ = {isa = PBXFileReference; lastKnownFileType = sourcecode.swift; path = AllQuotesViewController.swift; sourceTree = "<group>"; };
		BC6365662AABD8FC00F0FDE5 /* CategorizedQuotesViewController.swift */ = {isa = PBXFileReference; lastKnownFileType = sourcecode.swift; path = CategorizedQuotesViewController.swift; sourceTree = "<group>"; };
		BC6365682AABDBBF00F0FDE5 /* Quote.swift */ = {isa = PBXFileReference; lastKnownFileType = sourcecode.swift; path = Quote.swift; sourceTree = "<group>"; };
		BCCC46062AB0FC7C00935D4C /* RealmService.swift */ = {isa = PBXFileReference; lastKnownFileType = sourcecode.swift; path = RealmService.swift; sourceTree = "<group>"; };
		BCCC46082AB0FE2B00935D4C /* QuoteRealmModel.swift */ = {isa = PBXFileReference; lastKnownFileType = sourcecode.swift; path = QuoteRealmModel.swift; sourceTree = "<group>"; };
		BCCC46142AB1180200935D4C /* Category.swift */ = {isa = PBXFileReference; lastKnownFileType = sourcecode.swift; path = Category.swift; sourceTree = "<group>"; };
/* End PBXFileReference section */

/* Begin PBXFrameworksBuildPhase section */
		BC63654A2AABD62700F0FDE5 /* Frameworks */ = {
			isa = PBXFrameworksBuildPhase;
			buildActionMask = 2147483647;
			files = (
				BCCC46052AB0F58000935D4C /* RealmSwift in Frameworks */,
				BCCC46032AB0F58000935D4C /* Realm in Frameworks */,
			);
			runOnlyForDeploymentPostprocessing = 0;
		};
/* End PBXFrameworksBuildPhase section */

/* Begin PBXGroup section */
		BC6365442AABD62700F0FDE5 = {
			isa = PBXGroup;
			children = (
				BC63654F2AABD62700F0FDE5 /* СhuckNorris */,
				BC63654E2AABD62700F0FDE5 /* Products */,
			);
			sourceTree = "<group>";
		};
		BC63654E2AABD62700F0FDE5 /* Products */ = {
			isa = PBXGroup;
			children = (
				BC63654D2AABD62700F0FDE5 /* СhuckNorris.app */,
			);
			name = Products;
			sourceTree = "<group>";
		};
		BC63654F2AABD62700F0FDE5 /* СhuckNorris */ = {
			isa = PBXGroup;
			children = (
				BCCC460A2AB0FE4C00935D4C /* App Layer */,
				BCCC460B2AB0FE7100935D4C /* Presentation Layer */,
				BCCC460D2AB0FE9600935D4C /* Business Logic Layer */,
				BCCC460C2AB0FE8D00935D4C /* Core Layer */,
				BCCC460E2AB0FF0000935D4C /* Resources */,
				BC63655E2AABD62A00F0FDE5 /* Info.plist */,
			);
			path = "СhuckNorris";
			sourceTree = "<group>";
		};
		BCCC460A2AB0FE4C00935D4C /* App Layer */ = {
			isa = PBXGroup;
			children = (
				BC6365502AABD62700F0FDE5 /* AppDelegate.swift */,
				BC6365522AABD62700F0FDE5 /* SceneDelegate.swift */,
			);
			path = "App Layer";
			sourceTree = "<group>";
		};
		BCCC460B2AB0FE7100935D4C /* Presentation Layer */ = {
			isa = PBXGroup;
			children = (
				BCCC460F2AB0FF4900935D4C /* Modules */,
			);
			path = "Presentation Layer";
			sourceTree = "<group>";
		};
		BCCC460C2AB0FE8D00935D4C /* Core Layer */ = {
			isa = PBXGroup;
			children = (
				BCCC46132AB1005000935D4C /* Models */,
			);
			path = "Core Layer";
			sourceTree = "<group>";
		};
		BCCC460D2AB0FE9600935D4C /* Business Logic Layer */ = {
			isa = PBXGroup;
			children = (
				BCCC46122AB1004100935D4C /* Realm */,
			);
			path = "Business Logic Layer";
			sourceTree = "<group>";
		};
		BCCC460E2AB0FF0000935D4C /* Resources */ = {
			isa = PBXGroup;
			children = (
				BC6365592AABD62A00F0FDE5 /* Assets.xcassets */,
				BC63655B2AABD62A00F0FDE5 /* LaunchScreen.storyboard */,
			);
			path = Resources;
			sourceTree = "<group>";
		};
		BCCC460F2AB0FF4900935D4C /* Modules */ = {
			isa = PBXGroup;
			children = (
				BCCC46102AB0FF5100935D4C /* Quotes */,
			);
			path = Modules;
			sourceTree = "<group>";
		};
		BCCC46102AB0FF5100935D4C /* Quotes */ = {
			isa = PBXGroup;
			children = (
				BC6365542AABD62700F0FDE5 /* RandomQuoteViewController.swift */,
				BC6365642AABD86D00F0FDE5 /* AllQuotesViewController.swift */,
				BC6365662AABD8FC00F0FDE5 /* CategorizedQuotesViewController.swift */,
				BCCC46112AB0FF6000935D4C /* Models */,
			);
			path = Quotes;
			sourceTree = "<group>";
		};
		BCCC46112AB0FF6000935D4C /* Models */ = {
			isa = PBXGroup;
			children = (
				BC6365682AABDBBF00F0FDE5 /* Quote.swift */,
				BCCC46142AB1180200935D4C /* Category.swift */,
			);
			path = Models;
			sourceTree = "<group>";
		};
		BCCC46122AB1004100935D4C /* Realm */ = {
			isa = PBXGroup;
			children = (
				BCCC46062AB0FC7C00935D4C /* RealmService.swift */,
			);
			path = Realm;
			sourceTree = "<group>";
		};
		BCCC46132AB1005000935D4C /* Models */ = {
			isa = PBXGroup;
			children = (
				BCCC46082AB0FE2B00935D4C /* QuoteRealmModel.swift */,
			);
			path = Models;
			sourceTree = "<group>";
		};
/* End PBXGroup section */

/* Begin PBXNativeTarget section */
		BC63654C2AABD62700F0FDE5 /* СhuckNorris */ = {
			isa = PBXNativeTarget;
			buildConfigurationList = BC6365612AABD62A00F0FDE5 /* Build configuration list for PBXNativeTarget "СhuckNorris" */;
			buildPhases = (
				BC6365492AABD62700F0FDE5 /* Sources */,
				BC63654A2AABD62700F0FDE5 /* Frameworks */,
				BC63654B2AABD62700F0FDE5 /* Resources */,
			);
			buildRules = (
			);
			dependencies = (
			);
			name = "СhuckNorris";
			packageProductDependencies = (
				BCCC46022AB0F58000935D4C /* Realm */,
				BCCC46042AB0F58000935D4C /* RealmSwift */,
			);
			productName = "СhuckNorris";
			productReference = BC63654D2AABD62700F0FDE5 /* СhuckNorris.app */;
			productType = "com.apple.product-type.application";
		};
/* End PBXNativeTarget section */

/* Begin PBXProject section */
		BC6365452AABD62700F0FDE5 /* Project object */ = {
			isa = PBXProject;
			attributes = {
				BuildIndependentTargetsInParallel = 1;
				LastSwiftUpdateCheck = 1430;
				LastUpgradeCheck = 1430;
				TargetAttributes = {
					BC63654C2AABD62700F0FDE5 = {
						CreatedOnToolsVersion = 14.3.1;
					};
				};
			};
			buildConfigurationList = BC6365482AABD62700F0FDE5 /* Build configuration list for PBXProject "СhuckNorris" */;
			compatibilityVersion = "Xcode 14.0";
			developmentRegion = en;
			hasScannedForEncodings = 0;
			knownRegions = (
				en,
				Base,
			);
			mainGroup = BC6365442AABD62700F0FDE5;
			packageReferences = (
				BCCC46012AB0F58000935D4C /* XCRemoteSwiftPackageReference "realm-swift" */,
			);
			productRefGroup = BC63654E2AABD62700F0FDE5 /* Products */;
			projectDirPath = "";
			projectRoot = "";
			targets = (
				BC63654C2AABD62700F0FDE5 /* СhuckNorris */,
			);
		};
/* End PBXProject section */

/* Begin PBXResourcesBuildPhase section */
		BC63654B2AABD62700F0FDE5 /* Resources */ = {
			isa = PBXResourcesBuildPhase;
			buildActionMask = 2147483647;
			files = (
				BC63655D2AABD62A00F0FDE5 /* LaunchScreen.storyboard in Resources */,
				BC63655A2AABD62A00F0FDE5 /* Assets.xcassets in Resources */,
			);
			runOnlyForDeploymentPostprocessing = 0;
		};
/* End PBXResourcesBuildPhase section */

/* Begin PBXSourcesBuildPhase section */
		BC6365492AABD62700F0FDE5 /* Sources */ = {
			isa = PBXSourcesBuildPhase;
			buildActionMask = 2147483647;
			files = (
				BCCC46092AB0FE2B00935D4C /* QuoteRealmModel.swift in Sources */,
				BC6365692AABDBBF00F0FDE5 /* Quote.swift in Sources */,
				BC6365672AABD8FC00F0FDE5 /* CategorizedQuotesViewController.swift in Sources */,
				BCCC46072AB0FC7C00935D4C /* RealmService.swift in Sources */,
				BC6365552AABD62700F0FDE5 /* RandomQuoteViewController.swift in Sources */,
				BCCC46152AB1180200935D4C /* Category.swift in Sources */,
				BC6365652AABD86D00F0FDE5 /* AllQuotesViewController.swift in Sources */,
				BC6365512AABD62700F0FDE5 /* AppDelegate.swift in Sources */,
				BC6365532AABD62700F0FDE5 /* SceneDelegate.swift in Sources */,
			);
			runOnlyForDeploymentPostprocessing = 0;
		};
/* End PBXSourcesBuildPhase section */

/* Begin PBXVariantGroup section */
		BC63655B2AABD62A00F0FDE5 /* LaunchScreen.storyboard */ = {
			isa = PBXVariantGroup;
			children = (
				BC63655C2AABD62A00F0FDE5 /* Base */,
			);
			name = LaunchScreen.storyboard;
			sourceTree = "<group>";
		};
/* End PBXVariantGroup section */

/* Begin XCBuildConfiguration section */
		BC63655F2AABD62A00F0FDE5 /* Debug */ = {
			isa = XCBuildConfiguration;
			buildSettings = {
				ALWAYS_SEARCH_USER_PATHS = NO;
				CLANG_ANALYZER_NONNULL = YES;
				CLANG_ANALYZER_NUMBER_OBJECT_CONVERSION = YES_AGGRESSIVE;
				CLANG_CXX_LANGUAGE_STANDARD = "gnu++20";
				CLANG_ENABLE_MODULES = YES;
				CLANG_ENABLE_OBJC_ARC = YES;
				CLANG_ENABLE_OBJC_WEAK = YES;
				CLANG_WARN_BLOCK_CAPTURE_AUTORELEASING = YES;
				CLANG_WARN_BOOL_CONVERSION = YES;
				CLANG_WARN_COMMA = YES;
				CLANG_WARN_CONSTANT_CONVERSION = YES;
				CLANG_WARN_DEPRECATED_OBJC_IMPLEMENTATIONS = YES;
				CLANG_WARN_DIRECT_OBJC_ISA_USAGE = YES_ERROR;
				CLANG_WARN_DOCUMENTATION_COMMENTS = YES;
				CLANG_WARN_EMPTY_BODY = YES;
				CLANG_WARN_ENUM_CONVERSION = YES;
				CLANG_WARN_INFINITE_RECURSION = YES;
				CLANG_WARN_INT_CONVERSION = YES;
				CLANG_WARN_NON_LITERAL_NULL_CONVERSION = YES;
				CLANG_WARN_OBJC_IMPLICIT_RETAIN_SELF = YES;
				CLANG_WARN_OBJC_LITERAL_CONVERSION = YES;
				CLANG_WARN_OBJC_ROOT_CLASS = YES_ERROR;
				CLANG_WARN_QUOTED_INCLUDE_IN_FRAMEWORK_HEADER = YES;
				CLANG_WARN_RANGE_LOOP_ANALYSIS = YES;
				CLANG_WARN_STRICT_PROTOTYPES = YES;
				CLANG_WARN_SUSPICIOUS_MOVE = YES;
				CLANG_WARN_UNGUARDED_AVAILABILITY = YES_AGGRESSIVE;
				CLANG_WARN_UNREACHABLE_CODE = YES;
				CLANG_WARN__DUPLICATE_METHOD_MATCH = YES;
				COPY_PHASE_STRIP = NO;
				DEBUG_INFORMATION_FORMAT = dwarf;
				ENABLE_STRICT_OBJC_MSGSEND = YES;
				ENABLE_TESTABILITY = YES;
				GCC_C_LANGUAGE_STANDARD = gnu11;
				GCC_DYNAMIC_NO_PIC = NO;
				GCC_NO_COMMON_BLOCKS = YES;
				GCC_OPTIMIZATION_LEVEL = 0;
				GCC_PREPROCESSOR_DEFINITIONS = (
					"DEBUG=1",
					"$(inherited)",
				);
				GCC_WARN_64_TO_32_BIT_CONVERSION = YES;
				GCC_WARN_ABOUT_RETURN_TYPE = YES_ERROR;
				GCC_WARN_UNDECLARED_SELECTOR = YES;
				GCC_WARN_UNINITIALIZED_AUTOS = YES_AGGRESSIVE;
				GCC_WARN_UNUSED_FUNCTION = YES;
				GCC_WARN_UNUSED_VARIABLE = YES;
				IPHONEOS_DEPLOYMENT_TARGET = 15.0;
				MTL_ENABLE_DEBUG_INFO = INCLUDE_SOURCE;
				MTL_FAST_MATH = YES;
				ONLY_ACTIVE_ARCH = YES;
				SDKROOT = iphoneos;
				SWIFT_ACTIVE_COMPILATION_CONDITIONS = DEBUG;
				SWIFT_OPTIMIZATION_LEVEL = "-Onone";
			};
			name = Debug;
		};
		BC6365602AABD62A00F0FDE5 /* Release */ = {
			isa = XCBuildConfiguration;
			buildSettings = {
				ALWAYS_SEARCH_USER_PATHS = NO;
				CLANG_ANALYZER_NONNULL = YES;
				CLANG_ANALYZER_NUMBER_OBJECT_CONVERSION = YES_AGGRESSIVE;
				CLANG_CXX_LANGUAGE_STANDARD = "gnu++20";
				CLANG_ENABLE_MODULES = YES;
				CLANG_ENABLE_OBJC_ARC = YES;
				CLANG_ENABLE_OBJC_WEAK = YES;
				CLANG_WARN_BLOCK_CAPTURE_AUTORELEASING = YES;
				CLANG_WARN_BOOL_CONVERSION = YES;
				CLANG_WARN_COMMA = YES;
				CLANG_WARN_CONSTANT_CONVERSION = YES;
				CLANG_WARN_DEPRECATED_OBJC_IMPLEMENTATIONS = YES;
				CLANG_WARN_DIRECT_OBJC_ISA_USAGE = YES_ERROR;
				CLANG_WARN_DOCUMENTATION_COMMENTS = YES;
				CLANG_WARN_EMPTY_BODY = YES;
				CLANG_WARN_ENUM_CONVERSION = YES;
				CLANG_WARN_INFINITE_RECURSION = YES;
				CLANG_WARN_INT_CONVERSION = YES;
				CLANG_WARN_NON_LITERAL_NULL_CONVERSION = YES;
				CLANG_WARN_OBJC_IMPLICIT_RETAIN_SELF = YES;
				CLANG_WARN_OBJC_LITERAL_CONVERSION = YES;
				CLANG_WARN_OBJC_ROOT_CLASS = YES_ERROR;
				CLANG_WARN_QUOTED_INCLUDE_IN_FRAMEWORK_HEADER = YES;
				CLANG_WARN_RANGE_LOOP_ANALYSIS = YES;
				CLANG_WARN_STRICT_PROTOTYPES = YES;
				CLANG_WARN_SUSPICIOUS_MOVE = YES;
				CLANG_WARN_UNGUARDED_AVAILABILITY = YES_AGGRESSIVE;
				CLANG_WARN_UNREACHABLE_CODE = YES;
				CLANG_WARN__DUPLICATE_METHOD_MATCH = YES;
				COPY_PHASE_STRIP = NO;
				DEBUG_INFORMATION_FORMAT = "dwarf-with-dsym";
				ENABLE_NS_ASSERTIONS = NO;
				ENABLE_STRICT_OBJC_MSGSEND = YES;
				GCC_C_LANGUAGE_STANDARD = gnu11;
				GCC_NO_COMMON_BLOCKS = YES;
				GCC_WARN_64_TO_32_BIT_CONVERSION = YES;
				GCC_WARN_ABOUT_RETURN_TYPE = YES_ERROR;
				GCC_WARN_UNDECLARED_SELECTOR = YES;
				GCC_WARN_UNINITIALIZED_AUTOS = YES_AGGRESSIVE;
				GCC_WARN_UNUSED_FUNCTION = YES;
				GCC_WARN_UNUSED_VARIABLE = YES;
				IPHONEOS_DEPLOYMENT_TARGET = 15.0;
				MTL_ENABLE_DEBUG_INFO = NO;
				MTL_FAST_MATH = YES;
				SDKROOT = iphoneos;
				SWIFT_COMPILATION_MODE = wholemodule;
				SWIFT_OPTIMIZATION_LEVEL = "-O";
				VALIDATE_PRODUCT = YES;
			};
			name = Release;
		};
		BC6365622AABD62A00F0FDE5 /* Debug */ = {
			isa = XCBuildConfiguration;
			buildSettings = {
				ASSETCATALOG_COMPILER_APPICON_NAME = AppIcon;
				ASSETCATALOG_COMPILER_GLOBAL_ACCENT_COLOR_NAME = AccentColor;
				CODE_SIGN_STYLE = Automatic;
				CURRENT_PROJECT_VERSION = 1;
				DEVELOPMENT_TEAM = ZHJ85R56XF;
				GENERATE_INFOPLIST_FILE = YES;
				INFOPLIST_FILE = "СhuckNorris/Info.plist";
				INFOPLIST_KEY_UIApplicationSupportsIndirectInputEvents = YES;
				INFOPLIST_KEY_UILaunchStoryboardName = LaunchScreen;
				INFOPLIST_KEY_UISupportedInterfaceOrientations_iPad = "UIInterfaceOrientationPortrait UIInterfaceOrientationPortraitUpsideDown UIInterfaceOrientationLandscapeLeft UIInterfaceOrientationLandscapeRight";
				INFOPLIST_KEY_UISupportedInterfaceOrientations_iPhone = "UIInterfaceOrientationPortrait UIInterfaceOrientationLandscapeLeft UIInterfaceOrientationLandscapeRight";
				LD_RUNPATH_SEARCH_PATHS = (
					"$(inherited)",
					"@executable_path/Frameworks",
				);
				MARKETING_VERSION = 1.0;
				PRODUCT_BUNDLE_IDENTIFIER = "ru.netology.-huckNorris";
				PRODUCT_NAME = "$(TARGET_NAME)";
				SWIFT_EMIT_LOC_STRINGS = YES;
				SWIFT_VERSION = 5.0;
				TARGETED_DEVICE_FAMILY = "1,2";
			};
			name = Debug;
		};
		BC6365632AABD62A00F0FDE5 /* Release */ = {
			isa = XCBuildConfiguration;
			buildSettings = {
				ASSETCATALOG_COMPILER_APPICON_NAME = AppIcon;
				ASSETCATALOG_COMPILER_GLOBAL_ACCENT_COLOR_NAME = AccentColor;
				CODE_SIGN_STYLE = Automatic;
				CURRENT_PROJECT_VERSION = 1;
				DEVELOPMENT_TEAM = ZHJ85R56XF;
				GENERATE_INFOPLIST_FILE = YES;
				INFOPLIST_FILE = "СhuckNorris/Info.plist";
				INFOPLIST_KEY_UIApplicationSupportsIndirectInputEvents = YES;
				INFOPLIST_KEY_UILaunchStoryboardName = LaunchScreen;
				INFOPLIST_KEY_UISupportedInterfaceOrientations_iPad = "UIInterfaceOrientationPortrait UIInterfaceOrientationPortraitUpsideDown UIInterfaceOrientationLandscapeLeft UIInterfaceOrientationLandscapeRight";
				INFOPLIST_KEY_UISupportedInterfaceOrientations_iPhone = "UIInterfaceOrientationPortrait UIInterfaceOrientationLandscapeLeft UIInterfaceOrientationLandscapeRight";
				LD_RUNPATH_SEARCH_PATHS = (
					"$(inherited)",
					"@executable_path/Frameworks",
				);
				MARKETING_VERSION = 1.0;
				PRODUCT_BUNDLE_IDENTIFIER = "ru.netology.-huckNorris";
				PRODUCT_NAME = "$(TARGET_NAME)";
				SWIFT_EMIT_LOC_STRINGS = YES;
				SWIFT_VERSION = 5.0;
				TARGETED_DEVICE_FAMILY = "1,2";
			};
			name = Release;
		};
/* End XCBuildConfiguration section */

/* Begin XCConfigurationList section */
		BC6365482AABD62700F0FDE5 /* Build configuration list for PBXProject "СhuckNorris" */ = {
			isa = XCConfigurationList;
			buildConfigurations = (
				BC63655F2AABD62A00F0FDE5 /* Debug */,
				BC6365602AABD62A00F0FDE5 /* Release */,
			);
			defaultConfigurationIsVisible = 0;
			defaultConfigurationName = Release;
		};
		BC6365612AABD62A00F0FDE5 /* Build configuration list for PBXNativeTarget "СhuckNorris" */ = {
			isa = XCConfigurationList;
			buildConfigurations = (
				BC6365622AABD62A00F0FDE5 /* Debug */,
				BC6365632AABD62A00F0FDE5 /* Release */,
			);
			defaultConfigurationIsVisible = 0;
			defaultConfigurationName = Release;
		};
/* End XCConfigurationList section */

/* Begin XCRemoteSwiftPackageReference section */
		BCCC46012AB0F58000935D4C /* XCRemoteSwiftPackageReference "realm-swift" */ = {
			isa = XCRemoteSwiftPackageReference;
			repositoryURL = "https://github.com/realm/realm-swift";
			requirement = {
				kind = upToNextMajorVersion;
				minimumVersion = 10.42.1;
			};
		};
/* End XCRemoteSwiftPackageReference section */

/* Begin XCSwiftPackageProductDependency section */
		BCCC46022AB0F58000935D4C /* Realm */ = {
			isa = XCSwiftPackageProductDependency;
			package = BCCC46012AB0F58000935D4C /* XCRemoteSwiftPackageReference "realm-swift" */;
			productName = Realm;
		};
		BCCC46042AB0F58000935D4C /* RealmSwift */ = {
			isa = XCSwiftPackageProductDependency;
			package = BCCC46012AB0F58000935D4C /* XCRemoteSwiftPackageReference "realm-swift" */;
			productName = RealmSwift;
		};
/* End XCSwiftPackageProductDependency section */
	};
	rootObject = BC6365452AABD62700F0FDE5 /* Project object */;
}
